// !$*UTF8*$!
{
	archiveVersion = 1;
	classes = {
	};
	objectVersion = 56;
	objects = {

/* Begin PBXBuildFile section */
		FF00000000000000000000A9 /* SceneBundleSpec.swift in Sources */ = {isa = PBXBuildFile; fileRef = DD00000000000000000000A2 /* SceneBundleSpec.swift */; };
		FF00000000000000000000AA /* SceneBundleSpec.swift in Sources */ = {isa = PBXBuildFile; fileRef = DD00000000000000000000A2 /* SceneBundleSpec.swift */; };
		FF00000000000000000000AB /* SceneBundles.swift in Sources */ = {isa = PBXBuildFile; fileRef = DD00000000000000000000A3 /* SceneBundles.swift */; };
		FF00000000000000000000AC /* SceneBundleTests.swift in Sources */ = {isa = PBXBuildFile; fileRef = DD00000000000000000000A4 /* SceneBundleTests.swift */; };
		FF00000000000000000000AD /* PaperWalls.saver in Embed Screen Saver */ = {isa = PBXBuildFile; fileRef = HH0000000000000000000002 /* PaperWalls.saver */; settings = {ATTRIBUTES = (CodeSignOnCopy, RemoveHeadersOnCopy, ); }; };
		FF00000000000000000000A7 /* SceneBundleIdentity.m in Sources */ = {isa = PBXBuildFile; fileRef = DD00000000000000000000A1 /* SceneBundleIdentity.m */; };
		FF00000000000000000000A0 /* ScreenSaverSnapshot.swift in Sources */ = {isa = PBXBuildFile; fileRef = DD00000000000000000000A0 /* ScreenSaverSnapshot.swift */; };
		FF00000000000000000000A1 /* ScreenSaverSnapshot.swift in Sources */ = {isa = PBXBuildFile; fileRef = DD00000000000000000000A0 /* ScreenSaverSnapshot.swift */; };
		FF00000000000000000000A2 /* ScreenSaverSnapshot.swift in Sources */ = {isa = PBXBuildFile; fileRef = DD00000000000000000000A0 /* ScreenSaverSnapshot.swift */; };
		FF00000000000000000000A3 /* ScreenSaverSnapshot.swift in Sources */ = {isa = PBXBuildFile; fileRef = DD00000000000000000000A0 /* ScreenSaverSnapshot.swift */; };
		FF00000000000000000000A4 /* ScreenSaverScene.swift in Sources */ = {isa = PBXBuildFile; fileRef = DD0000000000000000000060 /* ScreenSaverScene.swift */; };
		FF00000000000000000000A5 /* ScreenSaverSceneStore.swift in Sources */ = {isa = PBXBuildFile; fileRef = DD0000000000000000000080 /* ScreenSaverSceneStore.swift */; };
		FF00000000000000000000A6 /* ScreenSaverPolicy.swift in Sources */ = {isa = PBXBuildFile; fileRef = DD0000000000000000000081 /* ScreenSaverPolicy.swift */; };
		FF0000000000000000000092 /* ComposerPickers.swift in Sources */ = {isa = PBXBuildFile; fileRef = DD0000000000000000000092 /* ComposerPickers.swift */; };
		FF0000000000000000000090 /* SceneComposer.swift in Sources */ = {isa = PBXBuildFile; fileRef = DD0000000000000000000090 /* SceneComposer.swift */; };
		FF0000000000000000000091 /* SceneLayerControls.swift in Sources */ = {isa = PBXBuildFile; fileRef = DD0000000000000000000091 /* SceneLayerControls.swift */; };
		FF0000000000000000000080 /* ScreenSaverSceneStore.swift in Sources */ = {isa = PBXBuildFile; fileRef = DD0000000000000000000080 /* ScreenSaverSceneStore.swift */; };
		FF0000000000000000000081 /* ScreenSaverSceneStore.swift in Sources */ = {isa = PBXBuildFile; fileRef = DD0000000000000000000080 /* ScreenSaverSceneStore.swift */; };
		FF0000000000000000000082 /* ScreenSaverPolicy.swift in Sources */ = {isa = PBXBuildFile; fileRef = DD0000000000000000000081 /* ScreenSaverPolicy.swift */; };
		FF0000000000000000000083 /* ScreenSaverPolicy.swift in Sources */ = {isa = PBXBuildFile; fileRef = DD0000000000000000000081 /* ScreenSaverPolicy.swift */; };
		FF0000000000000000000084 /* AppModel+ScreenSavers.swift in Sources */ = {isa = PBXBuildFile; fileRef = DD0000000000000000000082 /* AppModel+ScreenSavers.swift */; };
		FF0000000000000000000085 /* ScreenSaversPage.swift in Sources */ = {isa = PBXBuildFile; fileRef = DD0000000000000000000083 /* ScreenSaversPage.swift */; };
		FF0000000000000000000086 /* StudioPage.swift in Sources */ = {isa = PBXBuildFile; fileRef = DD0000000000000000000084 /* StudioPage.swift */; };
		FF0000000000000000000087 /* ScreenSaverStoreTests.swift in Sources */ = {isa = PBXBuildFile; fileRef = DD0000000000000000000085 /* ScreenSaverStoreTests.swift */; };
		FF000000000000000000007A /* Assets.xcassets in Resources */ = {isa = PBXBuildFile; fileRef = DD0000000000000000000074 /* Assets.xcassets */; };
		FF0000000000000000000078 /* thumbnail.png in Resources */ = {isa = PBXBuildFile; fileRef = DD0000000000000000000072 /* thumbnail.png */; };
		FF0000000000000000000079 /* thumbnail@2x.png in Resources */ = {isa = PBXBuildFile; fileRef = DD0000000000000000000073 /* thumbnail@2x.png */; };
		FF0000000000000000000070 /* PaperWallsSaverView.swift in Sources */ = {isa = PBXBuildFile; fileRef = DD0000000000000000000070 /* PaperWallsSaverView.swift */; };
		FF0000000000000000000071 /* SaverProbe.swift in Sources */ = {isa = PBXBuildFile; fileRef = DD0000000000000000000071 /* SaverProbe.swift */; };
		FF0000000000000000000072 /* ScreenSaverScene.swift in Sources */ = {isa = PBXBuildFile; fileRef = DD0000000000000000000060 /* ScreenSaverScene.swift */; };
		FF0000000000000000000073 /* SceneMotionMath.swift in Sources */ = {isa = PBXBuildFile; fileRef = DD0000000000000000000061 /* SceneMotionMath.swift */; };
		FF0000000000000000000074 /* ScreenSaverPresets.swift in Sources */ = {isa = PBXBuildFile; fileRef = DD0000000000000000000062 /* ScreenSaverPresets.swift */; };
		FF0000000000000000000075 /* SceneImageStore.swift in Sources */ = {isa = PBXBuildFile; fileRef = DD0000000000000000000063 /* SceneImageStore.swift */; };
		FF0000000000000000000076 /* SaverSceneView.swift in Sources */ = {isa = PBXBuildFile; fileRef = DD0000000000000000000064 /* SaverSceneView.swift */; };
		FF0000000000000000000077 /* ManagedPreferences.swift in Sources */ = {isa = PBXBuildFile; fileRef = DD0000000000000000000003 /* ManagedPreferences.swift */; };
		FF0000000000000000000060 /* ScreenSaverScene.swift in Sources */ = {isa = PBXBuildFile; fileRef = DD0000000000000000000060 /* ScreenSaverScene.swift */; };
		FF0000000000000000000061 /* ScreenSaverScene.swift in Sources */ = {isa = PBXBuildFile; fileRef = DD0000000000000000000060 /* ScreenSaverScene.swift */; };
		FF0000000000000000000062 /* SceneMotionMath.swift in Sources */ = {isa = PBXBuildFile; fileRef = DD0000000000000000000061 /* SceneMotionMath.swift */; };
		FF0000000000000000000063 /* SceneMotionMath.swift in Sources */ = {isa = PBXBuildFile; fileRef = DD0000000000000000000061 /* SceneMotionMath.swift */; };
		FF0000000000000000000064 /* ScreenSaverPresets.swift in Sources */ = {isa = PBXBuildFile; fileRef = DD0000000000000000000062 /* ScreenSaverPresets.swift */; };
		FF0000000000000000000065 /* ScreenSaverPresets.swift in Sources */ = {isa = PBXBuildFile; fileRef = DD0000000000000000000062 /* ScreenSaverPresets.swift */; };
		FF0000000000000000000066 /* SceneImageStore.swift in Sources */ = {isa = PBXBuildFile; fileRef = DD0000000000000000000063 /* SceneImageStore.swift */; };
		FF0000000000000000000067 /* SaverSceneView.swift in Sources */ = {isa = PBXBuildFile; fileRef = DD0000000000000000000064 /* SaverSceneView.swift */; };
		FF0000000000000000000068 /* ScenePreviewPresenter.swift in Sources */ = {isa = PBXBuildFile; fileRef = DD0000000000000000000065 /* ScenePreviewPresenter.swift */; };
		FF0000000000000000000069 /* SceneTests.swift in Sources */ = {isa = PBXBuildFile; fileRef = DD0000000000000000000066 /* SceneTests.swift */; };
		FF0000000000000000000001 /* WallpaperEngine.swift in Sources */ = {isa = PBXBuildFile; fileRef = DD0000000000000000000001 /* WallpaperEngine.swift */; };
		FF0000000000000000000002 /* PreferencesStore.swift in Sources */ = {isa = PBXBuildFile; fileRef = DD0000000000000000000002 /* PreferencesStore.swift */; };
		FF0000000000000000000003 /* ManagedPreferences.swift in Sources */ = {isa = PBXBuildFile; fileRef = DD0000000000000000000003 /* ManagedPreferences.swift */; };
		FF0000000000000000000004 /* WallpaperCatalog.swift in Sources */ = {isa = PBXBuildFile; fileRef = DD0000000000000000000004 /* WallpaperCatalog.swift */; };
		FF0000000000000000000005 /* PaperWallsApp.swift in Sources */ = {isa = PBXBuildFile; fileRef = DD0000000000000000000011 /* PaperWallsApp.swift */; };
		FF0000000000000000000006 /* AppModel.swift in Sources */ = {isa = PBXBuildFile; fileRef = DD0000000000000000000012 /* AppModel.swift */; };
		FF0000000000000000000007 /* ContentView.swift in Sources */ = {isa = PBXBuildFile; fileRef = DD0000000000000000000013 /* ContentView.swift */; };
		FF0000000000000000000008 /* SettingsView.swift in Sources */ = {isa = PBXBuildFile; fileRef = DD0000000000000000000014 /* SettingsView.swift */; };
		FF0000000000000000000009 /* ThumbnailLoader.swift in Sources */ = {isa = PBXBuildFile; fileRef = DD0000000000000000000015 /* ThumbnailLoader.swift */; };
		FF0000000000000000000010 /* Wallpapers in Resources */ = {isa = PBXBuildFile; fileRef = DD0000000000000000000031 /* Wallpapers */; };
		FF0000000000000000000011 /* main.swift in Sources */ = {isa = PBXBuildFile; fileRef = DD0000000000000000000021 /* main.swift */; };
		FF0000000000000000000012 /* WallpaperEngine.swift in Sources */ = {isa = PBXBuildFile; fileRef = DD0000000000000000000001 /* WallpaperEngine.swift */; };
		FF0000000000000000000013 /* PreferencesStore.swift in Sources */ = {isa = PBXBuildFile; fileRef = DD0000000000000000000002 /* PreferencesStore.swift */; };
		FF0000000000000000000014 /* ManagedPreferences.swift in Sources */ = {isa = PBXBuildFile; fileRef = DD0000000000000000000003 /* ManagedPreferences.swift */; };
		FF0000000000000000000015 /* WallpaperCatalog.swift in Sources */ = {isa = PBXBuildFile; fileRef = DD0000000000000000000004 /* WallpaperCatalog.swift */; };
		FF0000000000000000000016 /* Assets.xcassets in Resources */ = {isa = PBXBuildFile; fileRef = DD0000000000000000000016 /* Assets.xcassets */; };
		FF0000000000000000000017 /* Theme.swift in Sources */ = {isa = PBXBuildFile; fileRef = DD0000000000000000000017 /* Theme.swift */; };
		FF0000000000000000000018 /* Components.swift in Sources */ = {isa = PBXBuildFile; fileRef = DD0000000000000000000018 /* Components.swift */; };
		FF0000000000000000000019 /* BrowsePage.swift in Sources */ = {isa = PBXBuildFile; fileRef = DD0000000000000000000019 /* BrowsePage.swift */; };
		FF000000000000000000001A /* CollectionsPage.swift in Sources */ = {isa = PBXBuildFile; fileRef = DD000000000000000000001A /* CollectionsPage.swift */; };
		FF000000000000000000001B /* SourcePages.swift in Sources */ = {isa = PBXBuildFile; fileRef = DD000000000000000000001B /* SourcePages.swift */; };
		FF000000000000000000001C /* WallpaperDetailSheet.swift in Sources */ = {isa = PBXBuildFile; fileRef = DD000000000000000000001C /* WallpaperDetailSheet.swift */; };
		FF000000000000000000001D /* MenuBarPanel.swift in Sources */ = {isa = PBXBuildFile; fileRef = DD000000000000000000001D /* MenuBarPanel.swift */; };
		FF000000000000000000001E /* WallpaperLock.swift in Sources */ = {isa = PBXBuildFile; fileRef = DD0000000000000000000005 /* WallpaperLock.swift */; };
		FF000000000000000000001F /* WallpaperLock.swift in Sources */ = {isa = PBXBuildFile; fileRef = DD0000000000000000000005 /* WallpaperLock.swift */; };
		FF0000000000000000000031 /* WallpaperEngine.swift in Sources */ = {isa = PBXBuildFile; fileRef = DD0000000000000000000001 /* WallpaperEngine.swift */; };
		FF0000000000000000000032 /* PreferencesStore.swift in Sources */ = {isa = PBXBuildFile; fileRef = DD0000000000000000000002 /* PreferencesStore.swift */; };
		FF0000000000000000000033 /* ManagedPreferences.swift in Sources */ = {isa = PBXBuildFile; fileRef = DD0000000000000000000003 /* ManagedPreferences.swift */; };
		FF0000000000000000000034 /* WallpaperCatalog.swift in Sources */ = {isa = PBXBuildFile; fileRef = DD0000000000000000000004 /* WallpaperCatalog.swift */; };
		FF0000000000000000000035 /* WallpaperLock.swift in Sources */ = {isa = PBXBuildFile; fileRef = DD0000000000000000000005 /* WallpaperLock.swift */; };
		FF0000000000000000000036 /* PaperWallsTests.swift in Sources */ = {isa = PBXBuildFile; fileRef = DD0000000000000000000051 /* PaperWallsTests.swift */; };
		FF0000000000000000000020 /* WallpaperContentID.swift in Sources */ = {isa = PBXBuildFile; fileRef = DD0000000000000000000006 /* WallpaperContentID.swift */; };
		FF0000000000000000000021 /* WallpaperContentID.swift in Sources */ = {isa = PBXBuildFile; fileRef = DD0000000000000000000006 /* WallpaperContentID.swift */; };
		FF0000000000000000000037 /* WallpaperContentID.swift in Sources */ = {isa = PBXBuildFile; fileRef = DD0000000000000000000006 /* WallpaperContentID.swift */; };
		FF0000000000000000000022 /* RotationPool.swift in Sources */ = {isa = PBXBuildFile; fileRef = DD0000000000000000000007 /* RotationPool.swift */; };
		FF0000000000000000000023 /* RotationPool.swift in Sources */ = {isa = PBXBuildFile; fileRef = DD0000000000000000000007 /* RotationPool.swift */; };
		FF0000000000000000000038 /* RotationPool.swift in Sources */ = {isa = PBXBuildFile; fileRef = DD0000000000000000000007 /* RotationPool.swift */; };
		FF0000000000000000000024 /* RemoteCatalog.swift in Sources */ = {isa = PBXBuildFile; fileRef = DD0000000000000000000008 /* RemoteCatalog.swift */; };
		FF0000000000000000000025 /* RemoteCatalog.swift in Sources */ = {isa = PBXBuildFile; fileRef = DD0000000000000000000008 /* RemoteCatalog.swift */; };
		FF0000000000000000000039 /* RemoteCatalog.swift in Sources */ = {isa = PBXBuildFile; fileRef = DD0000000000000000000008 /* RemoteCatalog.swift */; };
		FF0000000000000000000026 /* SystemWallpapers.swift in Sources */ = {isa = PBXBuildFile; fileRef = DD0000000000000000000009 /* SystemWallpapers.swift */; };
		FF0000000000000000000027 /* SystemWallpapers.swift in Sources */ = {isa = PBXBuildFile; fileRef = DD0000000000000000000009 /* SystemWallpapers.swift */; };
		FF000000000000000000003A /* SystemWallpapers.swift in Sources */ = {isa = PBXBuildFile; fileRef = DD0000000000000000000009 /* SystemWallpapers.swift */; };
		FF0000000000000000000028 /* Diagnostics.swift in Sources */ = {isa = PBXBuildFile; fileRef = DD000000000000000000001E /* Diagnostics.swift */; };
		FF00000000000000000000AE /* SceneDeployment.swift in Sources */ = {isa = PBXBuildFile; fileRef = DD00000000000000000000A5 /* SceneDeployment.swift */; };
		FF00000000000000000000AF /* SceneDeployment.swift in Sources */ = {isa = PBXBuildFile; fileRef = DD00000000000000000000A5 /* SceneDeployment.swift */; };
		FF00000000000000000000B0 /* ScenePackager.swift in Sources */ = {isa = PBXBuildFile; fileRef = DD00000000000000000000A6 /* ScenePackager.swift */; };
		FF00000000000000000000B1 /* StudioPackageTab.swift in Sources */ = {isa = PBXBuildFile; fileRef = DD00000000000000000000A7 /* StudioPackageTab.swift */; };
		FF00000000000000000000B2 /* ScreenSaverSelection.swift in Sources */ = {isa = PBXBuildFile; fileRef = DD00000000000000000000A8 /* ScreenSaverSelection.swift */; };
		FF00000000000000000000B3 /* ScreenSaverSelection.swift in Sources */ = {isa = PBXBuildFile; fileRef = DD00000000000000000000A8 /* ScreenSaverSelection.swift */; };
		FF00000000000000000000B4 /* ScreenSaverSelection.swift in Sources */ = {isa = PBXBuildFile; fileRef = DD00000000000000000000A8 /* ScreenSaverSelection.swift */; };
		FF00000000000000000000B5 /* WallpaperDeployment.swift in Sources */ = {isa = PBXBuildFile; fileRef = DD00000000000000000000A9 /* WallpaperDeployment.swift */; };
		FF00000000000000000000B7 /* WallpaperDeployment.swift in Sources */ = {isa = PBXBuildFile; fileRef = DD00000000000000000000A9 /* WallpaperDeployment.swift */; };
		FF00000000000000000000B8 /* WallpaperPackager.swift in Sources */ = {isa = PBXBuildFile; fileRef = DD00000000000000000000AA /* WallpaperPackager.swift */; };
		FF00000000000000000000B9 /* StudioWallpaperPackageView.swift in Sources */ = {isa = PBXBuildFile; fileRef = DD00000000000000000000AB /* StudioWallpaperPackageView.swift */; };
		FF00000000000000000000BA /* WallpaperDeploymentTests.swift in Sources */ = {isa = PBXBuildFile; fileRef = DD00000000000000000000AC /* WallpaperDeploymentTests.swift */; };
		FF00000000000000000000BB /* WallpaperDesignStore.swift in Sources */ = {isa = PBXBuildFile; fileRef = DD00000000000000000000BB /* WallpaperDesignStore.swift */; };
		FF00000000000000000000BC /* WallpaperDesignStore.swift in Sources */ = {isa = PBXBuildFile; fileRef = DD00000000000000000000BB /* WallpaperDesignStore.swift */; };
		FF00000000000000000000BD /* WallpaperPresets.swift in Sources */ = {isa = PBXBuildFile; fileRef = DD00000000000000000000BC /* WallpaperPresets.swift */; };
		FF00000000000000000000BE /* WallpaperPresets.swift in Sources */ = {isa = PBXBuildFile; fileRef = DD00000000000000000000BC /* WallpaperPresets.swift */; };
		FF00000000000000000000BF /* AppModel+Wallpapers.swift in Sources */ = {isa = PBXBuildFile; fileRef = DD00000000000000000000BD /* AppModel+Wallpapers.swift */; };
		FF00000000000000000000C0 /* StudioWallpapersTab.swift in Sources */ = {isa = PBXBuildFile; fileRef = DD00000000000000000000BE /* StudioWallpapersTab.swift */; };
		FF00000000000000000000C1 /* WallpaperDesignTests.swift in Sources */ = {isa = PBXBuildFile; fileRef = DD00000000000000000000BF /* WallpaperDesignTests.swift */; };
		FF00000000000000000000C2 /* AIGenerationPolicy.swift in Sources */ = {isa = PBXBuildFile; fileRef = DD00000000000000000000C0 /* AIGenerationPolicy.swift */; };
		FF00000000000000000000C3 /* AIGenerationPolicy.swift in Sources */ = {isa = PBXBuildFile; fileRef = DD00000000000000000000C0 /* AIGenerationPolicy.swift */; };
		FF00000000000000000000C4 /* AIBackgroundGenerator.swift in Sources */ = {isa = PBXBuildFile; fileRef = DD00000000000000000000C1 /* AIBackgroundGenerator.swift */; };
		FF00000000000000000000C5 /* AIGenerationPolicyTests.swift in Sources */ = {isa = PBXBuildFile; fileRef = DD00000000000000000000C2 /* AIGenerationPolicyTests.swift */; };
		FF00000000000000000000C6 /* AIGenerationPolicy.swift in Sources */ = {isa = PBXBuildFile; fileRef = DD00000000000000000000C0 /* AIGenerationPolicy.swift */; };
		FF00000000000000000000C7 /* LocalImageEndpoint.swift in Sources */ = {isa = PBXBuildFile; fileRef = DD00000000000000000000C3 /* LocalImageEndpoint.swift */; };
		FF00000000000000000000C8 /* LocalImageEndpoint.swift in Sources */ = {isa = PBXBuildFile; fileRef = DD00000000000000000000C3 /* LocalImageEndpoint.swift */; };
		FF00000000000000000000C9 /* LocalImageEndpoint.swift in Sources */ = {isa = PBXBuildFile; fileRef = DD00000000000000000000C3 /* LocalImageEndpoint.swift */; };
		FF00000000000000000000CA /* LocalImageProvider.swift in Sources */ = {isa = PBXBuildFile; fileRef = DD00000000000000000000C4 /* LocalImageProvider.swift */; };
		FF00000000000000000000CB /* LocalImageEndpointTests.swift in Sources */ = {isa = PBXBuildFile; fileRef = DD00000000000000000000C5 /* LocalImageEndpointTests.swift */; };
		FF00000000000000000000CC /* ExternalImageEndpoint.swift in Sources */ = {isa = PBXBuildFile; fileRef = DD00000000000000000000C6 /* ExternalImageEndpoint.swift */; };
		FF00000000000000000000CD /* ExternalImageEndpoint.swift in Sources */ = {isa = PBXBuildFile; fileRef = DD00000000000000000000C6 /* ExternalImageEndpoint.swift */; };
		FF00000000000000000000CE /* ExternalImageEndpoint.swift in Sources */ = {isa = PBXBuildFile; fileRef = DD00000000000000000000C6 /* ExternalImageEndpoint.swift */; };
		FF00000000000000000000CF /* PromptImprover.swift in Sources */ = {isa = PBXBuildFile; fileRef = DD00000000000000000000C7 /* PromptImprover.swift */; };
		FF00000000000000000000D0 /* PromptImprover.swift in Sources */ = {isa = PBXBuildFile; fileRef = DD00000000000000000000C7 /* PromptImprover.swift */; };
		FF00000000000000000000D1 /* PromptImprover.swift in Sources */ = {isa = PBXBuildFile; fileRef = DD00000000000000000000C7 /* PromptImprover.swift */; };
		FF00000000000000000000D2 /* ExternalImageProvider.swift in Sources */ = {isa = PBXBuildFile; fileRef = DD00000000000000000000C8 /* ExternalImageProvider.swift */; };
		FF00000000000000000000D3 /* ExternalImageEndpointTests.swift in Sources */ = {isa = PBXBuildFile; fileRef = DD00000000000000000000C9 /* ExternalImageEndpointTests.swift */; };
		FF00000000000000000000D4 /* ScenePreviewInteraction.swift in Sources */ = {isa = PBXBuildFile; fileRef = DD00000000000000000000CA /* ScenePreviewInteraction.swift */; };
		FF00000000000000000000D5 /* BrandAssetStore.swift in Sources */ = {isa = PBXBuildFile; fileRef = DD00000000000000000000CB /* BrandAssetStore.swift */; };
		FF00000000000000000000D6 /* BrandAssetStore.swift in Sources */ = {isa = PBXBuildFile; fileRef = DD00000000000000000000CB /* BrandAssetStore.swift */; };
		FF00000000000000000000D7 /* AppModel+BrandAssets.swift in Sources */ = {isa = PBXBuildFile; fileRef = DD00000000000000000000CC /* AppModel+BrandAssets.swift */; };
		FF00000000000000000000D8 /* StudioAssetsTab.swift in Sources */ = {isa = PBXBuildFile; fileRef = DD00000000000000000000CD /* StudioAssetsTab.swift */; };
		FF00000000000000000000D9 /* BrandAssetStoreTests.swift in Sources */ = {isa = PBXBuildFile; fileRef = DD00000000000000000000CE /* BrandAssetStoreTests.swift */; };
		FF00000000000000000000DA /* JamfPublishPolicy.swift in Sources */ = {isa = PBXBuildFile; fileRef = DD00000000000000000000CF /* JamfPublishPolicy.swift */; };
		FF00000000000000000000DB /* JamfPublishPolicy.swift in Sources */ = {isa = PBXBuildFile; fileRef = DD00000000000000000000CF /* JamfPublishPolicy.swift */; };
		FF00000000000000000000DC /* JamfPublishPolicy.swift in Sources */ = {isa = PBXBuildFile; fileRef = DD00000000000000000000CF /* JamfPublishPolicy.swift */; };
		FF00000000000000000000DD /* JamfPublisher.swift in Sources */ = {isa = PBXBuildFile; fileRef = DD00000000000000000000D0 /* JamfPublisher.swift */; };
		FF00000000000000000000DE /* JamfPublishCard.swift in Sources */ = {isa = PBXBuildFile; fileRef = DD00000000000000000000D1 /* JamfPublishCard.swift */; };
		FF00000000000000000000DF /* JamfPublishTests.swift in Sources */ = {isa = PBXBuildFile; fileRef = DD00000000000000000000D2 /* JamfPublishTests.swift */; };
/* End PBXBuildFile section */

/* Begin PBXContainerItemProxy section */
		HH000000000000000000000B /* PBXContainerItemProxy */ = {
			isa = PBXContainerItemProxy;
			containerPortal = AA0000000000000000000001 /* Project object */;
			proxyType = 1;
			remoteGlobalIDString = HH0000000000000000000001;
			remoteInfo = PaperWallsSaver;
		};
/* End PBXContainerItemProxy section */

/* Begin PBXCopyFilesBuildPhase section */
		HH0000000000000000000009 /* Embed Screen Saver */ = {
			isa = PBXCopyFilesBuildPhase;
			buildActionMask = 2147483647;
			dstPath = "";
			dstSubfolderSpec = 7;
			files = (
				FF00000000000000000000AD /* PaperWalls.saver in Embed Screen Saver */,
			);
			name = "Embed Screen Saver";
			runOnlyForDeploymentPostprocessing = 0;
		};
/* End PBXCopyFilesBuildPhase section */

/* Begin PBXFileReference section */
		DD00000000000000000000A2 /* SceneBundleSpec.swift */ = {isa = PBXFileReference; lastKnownFileType = sourcecode.swift; path = SceneBundleSpec.swift; sourceTree = "<group>"; };
		DD00000000000000000000A3 /* SceneBundles.swift */ = {isa = PBXFileReference; lastKnownFileType = sourcecode.swift; path = SceneBundles.swift; sourceTree = "<group>"; };
		DD00000000000000000000A4 /* SceneBundleTests.swift */ = {isa = PBXFileReference; lastKnownFileType = sourcecode.swift; path = SceneBundleTests.swift; sourceTree = "<group>"; };
		DD00000000000000000000A1 /* SceneBundleIdentity.m */ = {isa = PBXFileReference; lastKnownFileType = sourcecode.c.objc; path = SceneBundleIdentity.m; sourceTree = "<group>"; };
		DD00000000000000000000A0 /* ScreenSaverSnapshot.swift */ = {isa = PBXFileReference; lastKnownFileType = sourcecode.swift; path = ScreenSaverSnapshot.swift; sourceTree = "<group>"; };
		DD0000000000000000000092 /* ComposerPickers.swift */ = {isa = PBXFileReference; lastKnownFileType = sourcecode.swift; path = ComposerPickers.swift; sourceTree = "<group>"; };
		DD0000000000000000000090 /* SceneComposer.swift */ = {isa = PBXFileReference; lastKnownFileType = sourcecode.swift; path = SceneComposer.swift; sourceTree = "<group>"; };
		DD0000000000000000000091 /* SceneLayerControls.swift */ = {isa = PBXFileReference; lastKnownFileType = sourcecode.swift; path = SceneLayerControls.swift; sourceTree = "<group>"; };
		DD0000000000000000000080 /* ScreenSaverSceneStore.swift */ = {isa = PBXFileReference; lastKnownFileType = sourcecode.swift; path = ScreenSaverSceneStore.swift; sourceTree = "<group>"; };
		DD0000000000000000000081 /* ScreenSaverPolicy.swift */ = {isa = PBXFileReference; lastKnownFileType = sourcecode.swift; path = ScreenSaverPolicy.swift; sourceTree = "<group>"; };
		DD0000000000000000000082 /* AppModel+ScreenSavers.swift */ = {isa = PBXFileReference; lastKnownFileType = sourcecode.swift; path = "AppModel+ScreenSavers.swift"; sourceTree = "<group>"; };
		DD0000000000000000000083 /* ScreenSaversPage.swift */ = {isa = PBXFileReference; lastKnownFileType = sourcecode.swift; path = ScreenSaversPage.swift; sourceTree = "<group>"; };
		DD0000000000000000000084 /* StudioPage.swift */ = {isa = PBXFileReference; lastKnownFileType = sourcecode.swift; path = StudioPage.swift; sourceTree = "<group>"; };
		DD0000000000000000000085 /* ScreenSaverStoreTests.swift */ = {isa = PBXFileReference; lastKnownFileType = sourcecode.swift; path = ScreenSaverStoreTests.swift; sourceTree = "<group>"; };
		DD0000000000000000000074 /* Assets.xcassets */ = {isa = PBXFileReference; lastKnownFileType = folder.assetcatalog; path = Assets.xcassets; sourceTree = "<group>"; };
		DD0000000000000000000072 /* thumbnail.png */ = {isa = PBXFileReference; lastKnownFileType = image.png; name = "thumbnail.png"; path = "Resources/thumbnail.png"; sourceTree = "<group>"; };
		DD0000000000000000000073 /* thumbnail@2x.png */ = {isa = PBXFileReference; lastKnownFileType = image.png; name = "thumbnail@2x.png"; path = "Resources/thumbnail@2x.png"; sourceTree = "<group>"; };
		DD0000000000000000000070 /* PaperWallsSaverView.swift */ = {isa = PBXFileReference; lastKnownFileType = sourcecode.swift; path = PaperWallsSaverView.swift; sourceTree = "<group>"; };
		DD0000000000000000000071 /* SaverProbe.swift */ = {isa = PBXFileReference; lastKnownFileType = sourcecode.swift; path = SaverProbe.swift; sourceTree = "<group>"; };
		HH0000000000000000000002 /* PaperWalls.saver */ = {isa = PBXFileReference; explicitFileType = wrapper.cfbundle; includeInIndex = 0; path = PaperWalls.saver; sourceTree = BUILT_PRODUCTS_DIR; };
		DD0000000000000000000060 /* ScreenSaverScene.swift */ = {isa = PBXFileReference; lastKnownFileType = sourcecode.swift; path = ScreenSaverScene.swift; sourceTree = "<group>"; };
		DD0000000000000000000061 /* SceneMotionMath.swift */ = {isa = PBXFileReference; lastKnownFileType = sourcecode.swift; path = SceneMotionMath.swift; sourceTree = "<group>"; };
		DD0000000000000000000062 /* ScreenSaverPresets.swift */ = {isa = PBXFileReference; lastKnownFileType = sourcecode.swift; path = ScreenSaverPresets.swift; sourceTree = "<group>"; };
		DD0000000000000000000063 /* SceneImageStore.swift */ = {isa = PBXFileReference; lastKnownFileType = sourcecode.swift; path = SceneImageStore.swift; sourceTree = "<group>"; };
		DD0000000000000000000064 /* SaverSceneView.swift */ = {isa = PBXFileReference; lastKnownFileType = sourcecode.swift; path = SaverSceneView.swift; sourceTree = "<group>"; };
		DD0000000000000000000065 /* ScenePreviewPresenter.swift */ = {isa = PBXFileReference; lastKnownFileType = sourcecode.swift; path = ScenePreviewPresenter.swift; sourceTree = "<group>"; };
		DD0000000000000000000066 /* SceneTests.swift */ = {isa = PBXFileReference; lastKnownFileType = sourcecode.swift; path = SceneTests.swift; sourceTree = "<group>"; };
		BB0000000000000000000002 /* PaperWalls.app */ = {isa = PBXFileReference; explicitFileType = wrapper.application; includeInIndex = 0; path = PaperWalls.app; sourceTree = BUILT_PRODUCTS_DIR; };
		CC0000000000000000000002 /* paperwallscli */ = {isa = PBXFileReference; explicitFileType = "compiled.mach-o.executable"; includeInIndex = 0; path = paperwallscli; sourceTree = BUILT_PRODUCTS_DIR; };
		DD0000000000000000000001 /* WallpaperEngine.swift */ = {isa = PBXFileReference; lastKnownFileType = sourcecode.swift; path = WallpaperEngine.swift; sourceTree = "<group>"; };
		DD0000000000000000000002 /* PreferencesStore.swift */ = {isa = PBXFileReference; lastKnownFileType = sourcecode.swift; path = PreferencesStore.swift; sourceTree = "<group>"; };
		DD0000000000000000000003 /* ManagedPreferences.swift */ = {isa = PBXFileReference; lastKnownFileType = sourcecode.swift; path = ManagedPreferences.swift; sourceTree = "<group>"; };
		DD0000000000000000000004 /* WallpaperCatalog.swift */ = {isa = PBXFileReference; lastKnownFileType = sourcecode.swift; path = WallpaperCatalog.swift; sourceTree = "<group>"; };
		DD0000000000000000000005 /* WallpaperLock.swift */ = {isa = PBXFileReference; lastKnownFileType = sourcecode.swift; path = WallpaperLock.swift; sourceTree = "<group>"; };
		DD0000000000000000000006 /* WallpaperContentID.swift */ = {isa = PBXFileReference; lastKnownFileType = sourcecode.swift; path = WallpaperContentID.swift; sourceTree = "<group>"; };
		DD0000000000000000000007 /* RotationPool.swift */ = {isa = PBXFileReference; lastKnownFileType = sourcecode.swift; path = RotationPool.swift; sourceTree = "<group>"; };
		DD0000000000000000000008 /* RemoteCatalog.swift */ = {isa = PBXFileReference; lastKnownFileType = sourcecode.swift; path = RemoteCatalog.swift; sourceTree = "<group>"; };
		DD0000000000000000000009 /* SystemWallpapers.swift */ = {isa = PBXFileReference; lastKnownFileType = sourcecode.swift; path = SystemWallpapers.swift; sourceTree = "<group>"; };
		DD0000000000000000000051 /* PaperWallsTests.swift */ = {isa = PBXFileReference; lastKnownFileType = sourcecode.swift; path = PaperWallsTests.swift; sourceTree = "<group>"; };
		GG0000000000000000000002 /* PaperWallsTests.xctest */ = {isa = PBXFileReference; explicitFileType = wrapper.cfbundle; includeInIndex = 0; path = PaperWallsTests.xctest; sourceTree = BUILT_PRODUCTS_DIR; };
		DD0000000000000000000011 /* PaperWallsApp.swift */ = {isa = PBXFileReference; lastKnownFileType = sourcecode.swift; path = PaperWallsApp.swift; sourceTree = "<group>"; };
		DD0000000000000000000012 /* AppModel.swift */ = {isa = PBXFileReference; lastKnownFileType = sourcecode.swift; path = AppModel.swift; sourceTree = "<group>"; };
		DD0000000000000000000013 /* ContentView.swift */ = {isa = PBXFileReference; lastKnownFileType = sourcecode.swift; path = ContentView.swift; sourceTree = "<group>"; };
		DD0000000000000000000014 /* SettingsView.swift */ = {isa = PBXFileReference; lastKnownFileType = sourcecode.swift; path = SettingsView.swift; sourceTree = "<group>"; };
		DD0000000000000000000015 /* ThumbnailLoader.swift */ = {isa = PBXFileReference; lastKnownFileType = sourcecode.swift; path = ThumbnailLoader.swift; sourceTree = "<group>"; };
		DD0000000000000000000016 /* Assets.xcassets */ = {isa = PBXFileReference; lastKnownFileType = folder.assetcatalog; path = Assets.xcassets; sourceTree = "<group>"; };
		DD0000000000000000000017 /* Theme.swift */ = {isa = PBXFileReference; lastKnownFileType = sourcecode.swift; path = Theme.swift; sourceTree = "<group>"; };
		DD0000000000000000000018 /* Components.swift */ = {isa = PBXFileReference; lastKnownFileType = sourcecode.swift; path = Components.swift; sourceTree = "<group>"; };
		DD0000000000000000000019 /* BrowsePage.swift */ = {isa = PBXFileReference; lastKnownFileType = sourcecode.swift; path = BrowsePage.swift; sourceTree = "<group>"; };
		DD000000000000000000001A /* CollectionsPage.swift */ = {isa = PBXFileReference; lastKnownFileType = sourcecode.swift; path = CollectionsPage.swift; sourceTree = "<group>"; };
		DD000000000000000000001B /* SourcePages.swift */ = {isa = PBXFileReference; lastKnownFileType = sourcecode.swift; path = SourcePages.swift; sourceTree = "<group>"; };
		DD000000000000000000001C /* WallpaperDetailSheet.swift */ = {isa = PBXFileReference; lastKnownFileType = sourcecode.swift; path = WallpaperDetailSheet.swift; sourceTree = "<group>"; };
		DD000000000000000000001D /* MenuBarPanel.swift */ = {isa = PBXFileReference; lastKnownFileType = sourcecode.swift; path = MenuBarPanel.swift; sourceTree = "<group>"; };
		DD000000000000000000001E /* Diagnostics.swift */ = {isa = PBXFileReference; lastKnownFileType = sourcecode.swift; path = Diagnostics.swift; sourceTree = "<group>"; };
		DD0000000000000000000021 /* main.swift */ = {isa = PBXFileReference; lastKnownFileType = sourcecode.swift; path = main.swift; sourceTree = "<group>"; };
		DD0000000000000000000031 /* Wallpapers */ = {isa = PBXFileReference; lastKnownFileType = folder; path = Wallpapers; sourceTree = "<group>"; };
		DD00000000000000000000A5 /* SceneDeployment.swift */ = {isa = PBXFileReference; lastKnownFileType = sourcecode.swift; path = SceneDeployment.swift; sourceTree = "<group>"; };
		DD00000000000000000000A6 /* ScenePackager.swift */ = {isa = PBXFileReference; lastKnownFileType = sourcecode.swift; path = ScenePackager.swift; sourceTree = "<group>"; };
		DD00000000000000000000A7 /* StudioPackageTab.swift */ = {isa = PBXFileReference; lastKnownFileType = sourcecode.swift; path = StudioPackageTab.swift; sourceTree = "<group>"; };
		DD00000000000000000000A8 /* ScreenSaverSelection.swift */ = {isa = PBXFileReference; lastKnownFileType = sourcecode.swift; path = ScreenSaverSelection.swift; sourceTree = "<group>"; };
		DD00000000000000000000A9 /* WallpaperDeployment.swift */ = {isa = PBXFileReference; lastKnownFileType = sourcecode.swift; path = WallpaperDeployment.swift; sourceTree = "<group>"; };
		DD00000000000000000000AA /* WallpaperPackager.swift */ = {isa = PBXFileReference; lastKnownFileType = sourcecode.swift; path = WallpaperPackager.swift; sourceTree = "<group>"; };
		DD00000000000000000000AB /* StudioWallpaperPackageView.swift */ = {isa = PBXFileReference; lastKnownFileType = sourcecode.swift; path = StudioWallpaperPackageView.swift; sourceTree = "<group>"; };
		DD00000000000000000000AC /* WallpaperDeploymentTests.swift */ = {isa = PBXFileReference; lastKnownFileType = sourcecode.swift; path = WallpaperDeploymentTests.swift; sourceTree = "<group>"; };
		DD00000000000000000000BB /* WallpaperDesignStore.swift */ = {isa = PBXFileReference; lastKnownFileType = sourcecode.swift; path = WallpaperDesignStore.swift; sourceTree = "<group>"; };
		DD00000000000000000000BC /* WallpaperPresets.swift */ = {isa = PBXFileReference; lastKnownFileType = sourcecode.swift; path = WallpaperPresets.swift; sourceTree = "<group>"; };
		DD00000000000000000000BD /* AppModel+Wallpapers.swift */ = {isa = PBXFileReference; lastKnownFileType = sourcecode.swift; path = "AppModel+Wallpapers.swift"; sourceTree = "<group>"; };
		DD00000000000000000000BE /* StudioWallpapersTab.swift */ = {isa = PBXFileReference; lastKnownFileType = sourcecode.swift; path = StudioWallpapersTab.swift; sourceTree = "<group>"; };
		DD00000000000000000000BF /* WallpaperDesignTests.swift */ = {isa = PBXFileReference; lastKnownFileType = sourcecode.swift; path = WallpaperDesignTests.swift; sourceTree = "<group>"; };
		DD00000000000000000000C0 /* AIGenerationPolicy.swift */ = {isa = PBXFileReference; lastKnownFileType = sourcecode.swift; path = AIGenerationPolicy.swift; sourceTree = "<group>"; };
		DD00000000000000000000C1 /* AIBackgroundGenerator.swift */ = {isa = PBXFileReference; lastKnownFileType = sourcecode.swift; path = AIBackgroundGenerator.swift; sourceTree = "<group>"; };
		DD00000000000000000000C2 /* AIGenerationPolicyTests.swift */ = {isa = PBXFileReference; lastKnownFileType = sourcecode.swift; path = AIGenerationPolicyTests.swift; sourceTree = "<group>"; };
		DD00000000000000000000C3 /* LocalImageEndpoint.swift */ = {isa = PBXFileReference; lastKnownFileType = sourcecode.swift; path = LocalImageEndpoint.swift; sourceTree = "<group>"; };
		DD00000000000000000000C4 /* LocalImageProvider.swift */ = {isa = PBXFileReference; lastKnownFileType = sourcecode.swift; path = LocalImageProvider.swift; sourceTree = "<group>"; };
		DD00000000000000000000C5 /* LocalImageEndpointTests.swift */ = {isa = PBXFileReference; lastKnownFileType = sourcecode.swift; path = LocalImageEndpointTests.swift; sourceTree = "<group>"; };
		DD00000000000000000000C6 /* ExternalImageEndpoint.swift */ = {isa = PBXFileReference; lastKnownFileType = sourcecode.swift; path = ExternalImageEndpoint.swift; sourceTree = "<group>"; };
		DD00000000000000000000C7 /* PromptImprover.swift */ = {isa = PBXFileReference; lastKnownFileType = sourcecode.swift; path = PromptImprover.swift; sourceTree = "<group>"; };
		DD00000000000000000000C8 /* ExternalImageProvider.swift */ = {isa = PBXFileReference; lastKnownFileType = sourcecode.swift; path = ExternalImageProvider.swift; sourceTree = "<group>"; };
		DD00000000000000000000C9 /* ExternalImageEndpointTests.swift */ = {isa = PBXFileReference; lastKnownFileType = sourcecode.swift; path = ExternalImageEndpointTests.swift; sourceTree = "<group>"; };
		DD00000000000000000000CA /* ScenePreviewInteraction.swift */ = {isa = PBXFileReference; lastKnownFileType = sourcecode.swift; path = ScenePreviewInteraction.swift; sourceTree = "<group>"; };
		DD00000000000000000000CB /* BrandAssetStore.swift */ = {isa = PBXFileReference; lastKnownFileType = sourcecode.swift; path = BrandAssetStore.swift; sourceTree = "<group>"; };
		DD00000000000000000000CC /* AppModel+BrandAssets.swift */ = {isa = PBXFileReference; lastKnownFileType = sourcecode.swift; path = "AppModel+BrandAssets.swift"; sourceTree = "<group>"; };
		DD00000000000000000000CD /* StudioAssetsTab.swift */ = {isa = PBXFileReference; lastKnownFileType = sourcecode.swift; path = StudioAssetsTab.swift; sourceTree = "<group>"; };
		DD00000000000000000000CE /* BrandAssetStoreTests.swift */ = {isa = PBXFileReference; lastKnownFileType = sourcecode.swift; path = BrandAssetStoreTests.swift; sourceTree = "<group>"; };
		DD00000000000000000000CF /* JamfPublishPolicy.swift */ = {isa = PBXFileReference; lastKnownFileType = sourcecode.swift; path = JamfPublishPolicy.swift; sourceTree = "<group>"; };
		DD00000000000000000000D0 /* JamfPublisher.swift */ = {isa = PBXFileReference; lastKnownFileType = sourcecode.swift; path = JamfPublisher.swift; sourceTree = "<group>"; };
		DD00000000000000000000D1 /* JamfPublishCard.swift */ = {isa = PBXFileReference; lastKnownFileType = sourcecode.swift; path = JamfPublishCard.swift; sourceTree = "<group>"; };
		DD00000000000000000000D2 /* JamfPublishTests.swift */ = {isa = PBXFileReference; lastKnownFileType = sourcecode.swift; path = JamfPublishTests.swift; sourceTree = "<group>"; };
/* End PBXFileReference section */

/* Begin PBXFrameworksBuildPhase section */
		BB0000000000000000000007 /* Frameworks */ = {
			isa = PBXFrameworksBuildPhase;
			buildActionMask = 2147483647;
			files = (
			);
			runOnlyForDeploymentPostprocessing = 0;
		};
		CC0000000000000000000007 /* Frameworks */ = {
			isa = PBXFrameworksBuildPhase;
			buildActionMask = 2147483647;
			files = (
			);
			runOnlyForDeploymentPostprocessing = 0;
		};
		GG0000000000000000000007 /* Frameworks */ = {
			isa = PBXFrameworksBuildPhase;
			buildActionMask = 2147483647;
			files = (
			);
			runOnlyForDeploymentPostprocessing = 0;
		};
		HH0000000000000000000007 /* Frameworks */ = {
			isa = PBXFrameworksBuildPhase;
			buildActionMask = 2147483647;
			files = (
			);
			runOnlyForDeploymentPostprocessing = 0;
		};
/* End PBXFrameworksBuildPhase section */

/* Begin PBXGroup section */
		AA0000000000000000000002 = {
			isa = PBXGroup;
			children = (
				EE0000000000000000000002 /* App */,
				EE0000000000000000000003 /* CLI */,
				EE0000000000000000000001 /* Shared */,
				EE0000000000000000000006 /* Saver */,
				EE0000000000000000000004 /* Resources */,
				EE0000000000000000000005 /* Tests */,
				AA0000000000000000000003 /* Products */,
			);
			sourceTree = "<group>";
		};
		AA0000000000000000000003 /* Products */ = {
			isa = PBXGroup;
			children = (
				BB0000000000000000000002 /* PaperWalls.app */,
				CC0000000000000000000002 /* paperwallscli */,
				GG0000000000000000000002 /* PaperWallsTests.xctest */,
				HH0000000000000000000002 /* PaperWalls.saver */,
			);
			name = Products;
			sourceTree = "<group>";
		};
		EE0000000000000000000001 /* Shared */ = {
			isa = PBXGroup;
			children = (
				DD0000000000000000000001 /* WallpaperEngine.swift */,
				DD0000000000000000000002 /* PreferencesStore.swift */,
				DD0000000000000000000003 /* ManagedPreferences.swift */,
				DD0000000000000000000004 /* WallpaperCatalog.swift */,
				DD0000000000000000000005 /* WallpaperLock.swift */,
				DD0000000000000000000006 /* WallpaperContentID.swift */,
				DD0000000000000000000007 /* RotationPool.swift */,
				DD0000000000000000000060 /* ScreenSaverScene.swift */,
				DD0000000000000000000061 /* SceneMotionMath.swift */,
				DD0000000000000000000062 /* ScreenSaverPresets.swift */,
				DD0000000000000000000063 /* SceneImageStore.swift */,
				DD0000000000000000000064 /* SaverSceneView.swift */,
				DD0000000000000000000080 /* ScreenSaverSceneStore.swift */,
				DD0000000000000000000081 /* ScreenSaverPolicy.swift */,
				DD00000000000000000000A8 /* ScreenSaverSelection.swift */,
				DD00000000000000000000A0 /* ScreenSaverSnapshot.swift */,
				DD00000000000000000000A2 /* SceneBundleSpec.swift */,
				DD00000000000000000000A5 /* SceneDeployment.swift */,
				DD00000000000000000000A9 /* WallpaperDeployment.swift */,
				DD00000000000000000000BB /* WallpaperDesignStore.swift */,
				DD00000000000000000000CB /* BrandAssetStore.swift */,
				DD00000000000000000000BC /* WallpaperPresets.swift */,
				DD00000000000000000000C0 /* AIGenerationPolicy.swift */,
				DD00000000000000000000C3 /* LocalImageEndpoint.swift */,
				DD00000000000000000000C6 /* ExternalImageEndpoint.swift */,
				DD00000000000000000000C7 /* PromptImprover.swift */,
				DD00000000000000000000CF /* JamfPublishPolicy.swift */,
				DD0000000000000000000008 /* RemoteCatalog.swift */,
				DD0000000000000000000009 /* SystemWallpapers.swift */,
			);
			path = Shared;
			sourceTree = "<group>";
		};
		EE0000000000000000000005 /* Tests */ = {
			isa = PBXGroup;
			children = (
				DD0000000000000000000051 /* PaperWallsTests.swift */,
				DD0000000000000000000066 /* SceneTests.swift */,
				DD0000000000000000000085 /* ScreenSaverStoreTests.swift */,
				DD00000000000000000000A4 /* SceneBundleTests.swift */,
				DD00000000000000000000AC /* WallpaperDeploymentTests.swift */,
				DD00000000000000000000BF /* WallpaperDesignTests.swift */,
				DD00000000000000000000C2 /* AIGenerationPolicyTests.swift */,
				DD00000000000000000000C5 /* LocalImageEndpointTests.swift */,
				DD00000000000000000000C9 /* ExternalImageEndpointTests.swift */,
				DD00000000000000000000CE /* BrandAssetStoreTests.swift */,
				DD00000000000000000000D2 /* JamfPublishTests.swift */,
			);
			path = Tests;
			sourceTree = "<group>";
		};
		EE0000000000000000000002 /* App */ = {
			isa = PBXGroup;
			children = (
				DD0000000000000000000011 /* PaperWallsApp.swift */,
				DD0000000000000000000012 /* AppModel.swift */,
				DD0000000000000000000013 /* ContentView.swift */,
				DD0000000000000000000019 /* BrowsePage.swift */,
				DD000000000000000000001A /* CollectionsPage.swift */,
				DD000000000000000000001B /* SourcePages.swift */,
				DD000000000000000000001C /* WallpaperDetailSheet.swift */,
				DD000000000000000000001D /* MenuBarPanel.swift */,
				DD000000000000000000001E /* Diagnostics.swift */,
				DD0000000000000000000065 /* ScenePreviewPresenter.swift */,
				DD0000000000000000000082 /* AppModel+ScreenSavers.swift */,
				DD0000000000000000000083 /* ScreenSaversPage.swift */,
				DD0000000000000000000084 /* StudioPage.swift */,
				DD00000000000000000000A7 /* StudioPackageTab.swift */,
				DD00000000000000000000CD /* StudioAssetsTab.swift */,
				DD00000000000000000000AB /* StudioWallpaperPackageView.swift */,
				DD00000000000000000000BE /* StudioWallpapersTab.swift */,
				DD00000000000000000000BD /* AppModel+Wallpapers.swift */,
				DD00000000000000000000CC /* AppModel+BrandAssets.swift */,
				DD00000000000000000000C1 /* AIBackgroundGenerator.swift */,
				DD00000000000000000000C4 /* LocalImageProvider.swift */,
				DD00000000000000000000C8 /* ExternalImageProvider.swift */,
				DD0000000000000000000090 /* SceneComposer.swift */,
				DD00000000000000000000CA /* ScenePreviewInteraction.swift */,
				DD0000000000000000000091 /* SceneLayerControls.swift */,
				DD0000000000000000000092 /* ComposerPickers.swift */,
				DD00000000000000000000A3 /* SceneBundles.swift */,
				DD00000000000000000000A6 /* ScenePackager.swift */,
				DD00000000000000000000AA /* WallpaperPackager.swift */,
				DD00000000000000000000D0 /* JamfPublisher.swift */,
				DD00000000000000000000D1 /* JamfPublishCard.swift */,
				DD0000000000000000000014 /* SettingsView.swift */,
				DD0000000000000000000018 /* Components.swift */,
				DD0000000000000000000017 /* Theme.swift */,
				DD0000000000000000000015 /* ThumbnailLoader.swift */,
				DD0000000000000000000016 /* Assets.xcassets */,
			);
			path = App;
			sourceTree = "<group>";
		};
		EE0000000000000000000003 /* CLI */ = {
			isa = PBXGroup;
			children = (
				DD0000000000000000000021 /* main.swift */,
			);
			path = CLI;
			sourceTree = "<group>";
		};
		EE0000000000000000000004 /* Resources */ = {
			isa = PBXGroup;
			children = (
				DD0000000000000000000031 /* Wallpapers */,
			);
			path = Resources;
			sourceTree = "<group>";
		};
		EE0000000000000000000006 /* Saver */ = {
			isa = PBXGroup;
			children = (
				DD0000000000000000000070 /* PaperWallsSaverView.swift */,
				DD0000000000000000000071 /* SaverProbe.swift */,
				DD00000000000000000000A1 /* SceneBundleIdentity.m */,
				DD0000000000000000000074 /* Assets.xcassets */,
				DD0000000000000000000072 /* thumbnail.png */,
				DD0000000000000000000073 /* thumbnail@2x.png */,
			);
			path = Saver;
			sourceTree = "<group>";
		};
/* End PBXGroup section */

/* Begin PBXNativeTarget section */
		BB0000000000000000000001 /* PaperWalls */ = {
			isa = PBXNativeTarget;
			buildConfigurationList = BB0000000000000000000003 /* Build configuration list for PBXNativeTarget "PaperWalls" */;
			buildPhases = (
				BB0000000000000000000006 /* Sources */,
				BB0000000000000000000007 /* Frameworks */,
				BB0000000000000000000008 /* Resources */,
				HH0000000000000000000009 /* Embed Screen Saver */,
			);
			buildRules = (
			);
			dependencies = (
				HH000000000000000000000A /* PBXTargetDependency */,
			);
			name = PaperWalls;
			productName = PaperWalls;
			productReference = BB0000000000000000000002 /* PaperWalls.app */;
			productType = "com.apple.product-type.application";
		};
		CC0000000000000000000001 /* paperwallscli */ = {
			isa = PBXNativeTarget;
			buildConfigurationList = CC0000000000000000000003 /* Build configuration list for PBXNativeTarget "paperwallscli" */;
			buildPhases = (
				CC0000000000000000000006 /* Sources */,
				CC0000000000000000000007 /* Frameworks */,
			);
			buildRules = (
			);
			dependencies = (
			);
			name = paperwallscli;
			productName = paperwallscli;
			productReference = CC0000000000000000000002 /* paperwallscli */;
			productType = "com.apple.product-type.tool";
		};
		GG0000000000000000000001 /* PaperWallsTests */ = {
			isa = PBXNativeTarget;
			buildConfigurationList = GG0000000000000000000003 /* Build configuration list for PBXNativeTarget "PaperWallsTests" */;
			buildPhases = (
				GG0000000000000000000006 /* Sources */,
				GG0000000000000000000007 /* Frameworks */,
			);
			buildRules = (
			);
			dependencies = (
			);
			name = PaperWallsTests;
			productName = PaperWallsTests;
			productReference = GG0000000000000000000002 /* PaperWallsTests.xctest */;
			productType = "com.apple.product-type.bundle.unit-test";
		};
		HH0000000000000000000001 /* PaperWallsSaver */ = {
			isa = PBXNativeTarget;
			buildConfigurationList = HH0000000000000000000003 /* Build configuration list for PBXNativeTarget "PaperWallsSaver" */;
			buildPhases = (
				HH0000000000000000000006 /* Sources */,
				HH0000000000000000000007 /* Frameworks */,
				HH0000000000000000000008 /* Resources */,
			);
			buildRules = (
			);
			dependencies = (
			);
			name = PaperWallsSaver;
			productName = PaperWallsSaver;
			productReference = HH0000000000000000000002 /* PaperWalls.saver */;
			productType = "com.apple.product-type.bundle";
		};
/* End PBXNativeTarget section */

/* Begin PBXProject section */
		AA0000000000000000000001 /* Project object */ = {
			isa = PBXProject;
			attributes = {
				BuildIndependentTargetsInParallel = 1;
				LastUpgradeCheck = 1500;
			};
			buildConfigurationList = AA0000000000000000000004 /* Build configuration list for PBXProject "PaperWalls" */;
			compatibilityVersion = "Xcode 14.0";
			developmentRegion = en;
			hasScannedForEncodings = 0;
			knownRegions = (
				en,
				Base,
			);
			mainGroup = AA0000000000000000000002;
			productRefGroup = AA0000000000000000000003 /* Products */;
			projectDirPath = "";
			projectRoot = "";
			targets = (
				BB0000000000000000000001 /* PaperWalls */,
				CC0000000000000000000001 /* paperwallscli */,
				GG0000000000000000000001 /* PaperWallsTests */,
				HH0000000000000000000001 /* PaperWallsSaver */,
			);
		};
/* End PBXProject section */

/* Begin PBXResourcesBuildPhase section */
		BB0000000000000000000008 /* Resources */ = {
			isa = PBXResourcesBuildPhase;
			buildActionMask = 2147483647;
			files = (
				FF0000000000000000000010 /* Wallpapers in Resources */,
				FF0000000000000000000016 /* Assets.xcassets in Resources */,
			);
			runOnlyForDeploymentPostprocessing = 0;
		};
		HH0000000000000000000008 /* Resources */ = {
			isa = PBXResourcesBuildPhase;
			buildActionMask = 2147483647;
			files = (
				FF0000000000000000000078 /* thumbnail.png in Resources */,
				FF0000000000000000000079 /* thumbnail@2x.png in Resources */,
				FF000000000000000000007A /* Assets.xcassets in Resources */,
			);
			runOnlyForDeploymentPostprocessing = 0;
		};
/* End PBXResourcesBuildPhase section */

/* Begin PBXSourcesBuildPhase section */
		BB0000000000000000000006 /* Sources */ = {
			isa = PBXSourcesBuildPhase;
			buildActionMask = 2147483647;
			files = (
				FF0000000000000000000001 /* WallpaperEngine.swift in Sources */,
				FF0000000000000000000002 /* PreferencesStore.swift in Sources */,
				FF0000000000000000000003 /* ManagedPreferences.swift in Sources */,
				FF0000000000000000000004 /* WallpaperCatalog.swift in Sources */,
				FF0000000000000000000020 /* WallpaperContentID.swift in Sources */,
				FF0000000000000000000022 /* RotationPool.swift in Sources */,
				FF0000000000000000000024 /* RemoteCatalog.swift in Sources */,
				FF0000000000000000000026 /* SystemWallpapers.swift in Sources */,
				FF0000000000000000000005 /* PaperWallsApp.swift in Sources */,
				FF0000000000000000000006 /* AppModel.swift in Sources */,
				FF0000000000000000000007 /* ContentView.swift in Sources */,
				FF0000000000000000000008 /* SettingsView.swift in Sources */,
				FF0000000000000000000009 /* ThumbnailLoader.swift in Sources */,
				FF000000000000000000001E /* WallpaperLock.swift in Sources */,
				FF0000000000000000000017 /* Theme.swift in Sources */,
				FF0000000000000000000018 /* Components.swift in Sources */,
				FF0000000000000000000019 /* BrowsePage.swift in Sources */,
				FF000000000000000000001A /* CollectionsPage.swift in Sources */,
				FF000000000000000000001B /* SourcePages.swift in Sources */,
				FF000000000000000000001C /* WallpaperDetailSheet.swift in Sources */,
				FF000000000000000000001D /* MenuBarPanel.swift in Sources */,
				FF0000000000000000000028 /* Diagnostics.swift in Sources */,
				FF0000000000000000000060 /* ScreenSaverScene.swift in Sources */,
				FF0000000000000000000062 /* SceneMotionMath.swift in Sources */,
				FF0000000000000000000064 /* ScreenSaverPresets.swift in Sources */,
				FF0000000000000000000066 /* SceneImageStore.swift in Sources */,
				FF0000000000000000000067 /* SaverSceneView.swift in Sources */,
				FF0000000000000000000068 /* ScenePreviewPresenter.swift in Sources */,
				FF0000000000000000000080 /* ScreenSaverSceneStore.swift in Sources */,
				FF0000000000000000000082 /* ScreenSaverPolicy.swift in Sources */,
				FF00000000000000000000B2 /* ScreenSaverSelection.swift in Sources */,
				FF0000000000000000000084 /* AppModel+ScreenSavers.swift in Sources */,
				FF0000000000000000000085 /* ScreenSaversPage.swift in Sources */,
				FF0000000000000000000086 /* StudioPage.swift in Sources */,
				FF00000000000000000000B1 /* StudioPackageTab.swift in Sources */,
				FF00000000000000000000D8 /* StudioAssetsTab.swift in Sources */,
				FF00000000000000000000D7 /* AppModel+BrandAssets.swift in Sources */,
				FF0000000000000000000090 /* SceneComposer.swift in Sources */,
				FF00000000000000000000D4 /* ScenePreviewInteraction.swift in Sources */,
				FF0000000000000000000091 /* SceneLayerControls.swift in Sources */,
				FF0000000000000000000092 /* ComposerPickers.swift in Sources */,
				FF00000000000000000000A0 /* ScreenSaverSnapshot.swift in Sources */,
				FF00000000000000000000A9 /* SceneBundleSpec.swift in Sources */,
				FF00000000000000000000AE /* SceneDeployment.swift in Sources */,
				FF00000000000000000000AB /* SceneBundles.swift in Sources */,
				FF00000000000000000000B0 /* ScenePackager.swift in Sources */,
				FF00000000000000000000B5 /* WallpaperDeployment.swift in Sources */,
				FF00000000000000000000B8 /* WallpaperPackager.swift in Sources */,
				FF00000000000000000000B9 /* StudioWallpaperPackageView.swift in Sources */,
				FF00000000000000000000BB /* WallpaperDesignStore.swift in Sources */,
				FF00000000000000000000D5 /* BrandAssetStore.swift in Sources */,
				FF00000000000000000000BD /* WallpaperPresets.swift in Sources */,
				FF00000000000000000000BF /* AppModel+Wallpapers.swift in Sources */,
				FF00000000000000000000C0 /* StudioWallpapersTab.swift in Sources */,
				FF00000000000000000000C2 /* AIGenerationPolicy.swift in Sources */,
				FF00000000000000000000C4 /* AIBackgroundGenerator.swift in Sources */,
				FF00000000000000000000C7 /* LocalImageEndpoint.swift in Sources */,
				FF00000000000000000000CA /* LocalImageProvider.swift in Sources */,
				FF00000000000000000000CC /* ExternalImageEndpoint.swift in Sources */,
				FF00000000000000000000CF /* PromptImprover.swift in Sources */,
				FF00000000000000000000D2 /* ExternalImageProvider.swift in Sources */,
				FF00000000000000000000DA /* JamfPublishPolicy.swift in Sources */,
				FF00000000000000000000DD /* JamfPublisher.swift in Sources */,
				FF00000000000000000000DE /* JamfPublishCard.swift in Sources */,
			);
			runOnlyForDeploymentPostprocessing = 0;
		};
		CC0000000000000000000006 /* Sources */ = {
			isa = PBXSourcesBuildPhase;
			buildActionMask = 2147483647;
			files = (
				FF0000000000000000000011 /* main.swift in Sources */,
				FF0000000000000000000012 /* WallpaperEngine.swift in Sources */,
				FF0000000000000000000013 /* PreferencesStore.swift in Sources */,
				FF00000000000000000000C6 /* AIGenerationPolicy.swift in Sources */,
				FF00000000000000000000C8 /* LocalImageEndpoint.swift in Sources */,
				FF00000000000000000000CD /* ExternalImageEndpoint.swift in Sources */,
				FF00000000000000000000D0 /* PromptImprover.swift in Sources */,
				FF00000000000000000000DB /* JamfPublishPolicy.swift in Sources */,
				FF0000000000000000000014 /* ManagedPreferences.swift in Sources */,
				FF0000000000000000000015 /* WallpaperCatalog.swift in Sources */,
				FF0000000000000000000021 /* WallpaperContentID.swift in Sources */,
				FF0000000000000000000023 /* RotationPool.swift in Sources */,
				FF00000000000000000000A3 /* ScreenSaverSnapshot.swift in Sources */,
				FF00000000000000000000A4 /* ScreenSaverScene.swift in Sources */,
				FF00000000000000000000A5 /* ScreenSaverSceneStore.swift in Sources */,
				FF00000000000000000000A6 /* ScreenSaverPolicy.swift in Sources */,
				FF00000000000000000000B3 /* ScreenSaverSelection.swift in Sources */,
				FF0000000000000000000025 /* RemoteCatalog.swift in Sources */,
				FF0000000000000000000027 /* SystemWallpapers.swift in Sources */,
				FF000000000000000000001F /* WallpaperLock.swift in Sources */,
			);
			runOnlyForDeploymentPostprocessing = 0;
		};
		GG0000000000000000000006 /* Sources */ = {
			isa = PBXSourcesBuildPhase;
			buildActionMask = 2147483647;
			files = (
				FF0000000000000000000031 /* WallpaperEngine.swift in Sources */,
				FF0000000000000000000032 /* PreferencesStore.swift in Sources */,
				FF0000000000000000000033 /* ManagedPreferences.swift in Sources */,
				FF0000000000000000000034 /* WallpaperCatalog.swift in Sources */,
				FF0000000000000000000037 /* WallpaperContentID.swift in Sources */,
				FF0000000000000000000038 /* RotationPool.swift in Sources */,
				FF0000000000000000000039 /* RemoteCatalog.swift in Sources */,
				FF000000000000000000003A /* SystemWallpapers.swift in Sources */,
				FF0000000000000000000035 /* WallpaperLock.swift in Sources */,
				FF0000000000000000000036 /* PaperWallsTests.swift in Sources */,
				FF0000000000000000000061 /* ScreenSaverScene.swift in Sources */,
				FF0000000000000000000063 /* SceneMotionMath.swift in Sources */,
				FF0000000000000000000065 /* ScreenSaverPresets.swift in Sources */,
				FF0000000000000000000069 /* SceneTests.swift in Sources */,
				FF0000000000000000000081 /* ScreenSaverSceneStore.swift in Sources */,
				FF0000000000000000000083 /* ScreenSaverPolicy.swift in Sources */,
				FF00000000000000000000B4 /* ScreenSaverSelection.swift in Sources */,
				FF0000000000000000000087 /* ScreenSaverStoreTests.swift in Sources */,
				FF00000000000000000000A1 /* ScreenSaverSnapshot.swift in Sources */,
				FF00000000000000000000AA /* SceneBundleSpec.swift in Sources */,
				FF00000000000000000000AF /* SceneDeployment.swift in Sources */,
				FF00000000000000000000AC /* SceneBundleTests.swift in Sources */,
				FF00000000000000000000B7 /* WallpaperDeployment.swift in Sources */,
				FF00000000000000000000BA /* WallpaperDeploymentTests.swift in Sources */,
				FF00000000000000000000BC /* WallpaperDesignStore.swift in Sources */,
				FF00000000000000000000D6 /* BrandAssetStore.swift in Sources */,
				FF00000000000000000000D9 /* BrandAssetStoreTests.swift in Sources */,
				FF00000000000000000000BE /* WallpaperPresets.swift in Sources */,
				FF00000000000000000000C1 /* WallpaperDesignTests.swift in Sources */,
				FF00000000000000000000C3 /* AIGenerationPolicy.swift in Sources */,
				FF00000000000000000000C5 /* AIGenerationPolicyTests.swift in Sources */,
				FF00000000000000000000C9 /* LocalImageEndpoint.swift in Sources */,
				FF00000000000000000000CB /* LocalImageEndpointTests.swift in Sources */,
				FF00000000000000000000CE /* ExternalImageEndpoint.swift in Sources */,
				FF00000000000000000000D1 /* PromptImprover.swift in Sources */,
				FF00000000000000000000D3 /* ExternalImageEndpointTests.swift in Sources */,
				FF00000000000000000000DC /* JamfPublishPolicy.swift in Sources */,
				FF00000000000000000000DF /* JamfPublishTests.swift in Sources */,
			);
			runOnlyForDeploymentPostprocessing = 0;
		};
		HH0000000000000000000006 /* Sources */ = {
			isa = PBXSourcesBuildPhase;
			buildActionMask = 2147483647;
			files = (
				FF0000000000000000000070 /* PaperWallsSaverView.swift in Sources */,
				FF0000000000000000000071 /* SaverProbe.swift in Sources */,
				FF00000000000000000000A7 /* SceneBundleIdentity.m in Sources */,
				FF0000000000000000000072 /* ScreenSaverScene.swift in Sources */,
				FF0000000000000000000073 /* SceneMotionMath.swift in Sources */,
				FF0000000000000000000074 /* ScreenSaverPresets.swift in Sources */,
				FF0000000000000000000075 /* SceneImageStore.swift in Sources */,
				FF0000000000000000000076 /* SaverSceneView.swift in Sources */,
				FF0000000000000000000077 /* ManagedPreferences.swift in Sources */,
				FF00000000000000000000A2 /* ScreenSaverSnapshot.swift in Sources */,
			);
			runOnlyForDeploymentPostprocessing = 0;
		};
/* End PBXSourcesBuildPhase section */

/* Begin PBXTargetDependency section */
		HH000000000000000000000A /* PBXTargetDependency */ = {
			isa = PBXTargetDependency;
			target = HH0000000000000000000001 /* PaperWallsSaver */;
			targetProxy = HH000000000000000000000B /* PBXContainerItemProxy */;
		};
/* End PBXTargetDependency section */

/* Begin XCBuildConfiguration section */
		AA0000000000000000000005 /* Debug */ = {
			isa = XCBuildConfiguration;
			buildSettings = {
				ALWAYS_SEARCH_USER_PATHS = NO;
				CLANG_ENABLE_MODULES = YES;
				CLANG_ENABLE_OBJC_ARC = YES;
				CODE_SIGN_IDENTITY = "-";
				CODE_SIGN_STYLE = Automatic;
				DEBUG_INFORMATION_FORMAT = dwarf;
				ENABLE_STRICT_OBJC_MSGSEND = YES;
				ENABLE_TESTABILITY = YES;
				ENABLE_USER_SCRIPT_SANDBOXING = YES;
				GCC_C_LANGUAGE_STANDARD = gnu17;
				GCC_DYNAMIC_NO_PIC = NO;
				GCC_OPTIMIZATION_LEVEL = 0;
				GCC_PREPROCESSOR_DEFINITIONS = (
					"DEBUG=1",
					"$(inherited)",
				);
				MACOSX_DEPLOYMENT_TARGET = 13.0;
				MTL_ENABLE_DEBUG_INFO = INCLUDE_SOURCE;
				MTL_FAST_MATH = YES;
				ONLY_ACTIVE_ARCH = YES;
				SDKROOT = macosx;
				SWIFT_ACTIVE_COMPILATION_CONDITIONS = "DEBUG $(inherited)";
				SWIFT_OPTIMIZATION_LEVEL = "-Onone";
				SWIFT_VERSION = 5.0;
			};
			name = Debug;
		};
		AA0000000000000000000006 /* Release */ = {
			isa = XCBuildConfiguration;
			buildSettings = {
				ALWAYS_SEARCH_USER_PATHS = NO;
				CLANG_ENABLE_MODULES = YES;
				CLANG_ENABLE_OBJC_ARC = YES;
				CODE_SIGN_IDENTITY = "-";
				CODE_SIGN_STYLE = Automatic;
				DEBUG_INFORMATION_FORMAT = "dwarf-with-dsym";
				ENABLE_NS_ASSERTIONS = NO;
				ENABLE_STRICT_OBJC_MSGSEND = YES;
				ENABLE_USER_SCRIPT_SANDBOXING = YES;
				GCC_C_LANGUAGE_STANDARD = gnu17;
				MACOSX_DEPLOYMENT_TARGET = 13.0;
				MTL_ENABLE_DEBUG_INFO = NO;
				MTL_FAST_MATH = YES;
				SDKROOT = macosx;
				SWIFT_COMPILATION_MODE = wholemodule;
				SWIFT_OPTIMIZATION_LEVEL = "-O";
				SWIFT_VERSION = 5.0;
			};
			name = Release;
		};
		BB0000000000000000000004 /* Debug */ = {
			isa = XCBuildConfiguration;
			buildSettings = {
				ASSETCATALOG_COMPILER_APPICON_NAME = AppIcon;
				ASSETCATALOG_COMPILER_GLOBAL_ACCENT_COLOR_NAME = AccentColor;
				COMBINE_HIDPI_IMAGES = YES;
				CURRENT_PROJECT_VERSION = 28;
				ENABLE_HARDENED_RUNTIME = YES;
				ENABLE_PREVIEWS = YES;
				GENERATE_INFOPLIST_FILE = YES;
				INFOPLIST_KEY_LSApplicationCategoryType = "public.app-category.utilities";
				INFOPLIST_KEY_NSHumanReadableCopyright = "";
				LD_RUNPATH_SEARCH_PATHS = (
					"$(inherited)",
					"@executable_path/../Frameworks",
				);
				MACOSX_DEPLOYMENT_TARGET = 26.0;
				MARKETING_VERSION = 0.6.1;
				PRODUCT_BUNDLE_IDENTIFIER = com.herojoneslabs.paperwalls;
				PRODUCT_NAME = "$(TARGET_NAME)";
			};
			name = Debug;
		};
		BB0000000000000000000005 /* Release */ = {
			isa = XCBuildConfiguration;
			buildSettings = {
				ASSETCATALOG_COMPILER_APPICON_NAME = AppIcon;
				ASSETCATALOG_COMPILER_GLOBAL_ACCENT_COLOR_NAME = AccentColor;
				COMBINE_HIDPI_IMAGES = YES;
				CURRENT_PROJECT_VERSION = 28;
				ENABLE_HARDENED_RUNTIME = YES;
				ENABLE_PREVIEWS = YES;
				GENERATE_INFOPLIST_FILE = YES;
				INFOPLIST_KEY_LSApplicationCategoryType = "public.app-category.utilities";
				INFOPLIST_KEY_NSHumanReadableCopyright = "";
				LD_RUNPATH_SEARCH_PATHS = (
					"$(inherited)",
					"@executable_path/../Frameworks",
				);
				MACOSX_DEPLOYMENT_TARGET = 26.0;
				MARKETING_VERSION = 0.6.1;
				PRODUCT_BUNDLE_IDENTIFIER = com.herojoneslabs.paperwalls;
				PRODUCT_NAME = "$(TARGET_NAME)";
			};
			name = Release;
		};
		CC0000000000000000000004 /* Debug */ = {
			isa = XCBuildConfiguration;
			buildSettings = {
				CREATE_INFOPLIST_SECTION_IN_BINARY = YES;
				CURRENT_PROJECT_VERSION = 28;
				GENERATE_INFOPLIST_FILE = YES;
				ENABLE_HARDENED_RUNTIME = YES;
				MARKETING_VERSION = 0.6.1;
				PRODUCT_BUNDLE_IDENTIFIER = com.herojoneslabs.paperwalls.cli;
				PRODUCT_NAME = "$(TARGET_NAME)";
			};
			name = Debug;
		};
		CC0000000000000000000005 /* Release */ = {
			isa = XCBuildConfiguration;
			buildSettings = {
				CREATE_INFOPLIST_SECTION_IN_BINARY = YES;
				CURRENT_PROJECT_VERSION = 28;
				GENERATE_INFOPLIST_FILE = YES;
				ENABLE_HARDENED_RUNTIME = YES;
				MARKETING_VERSION = 0.6.1;
				PRODUCT_BUNDLE_IDENTIFIER = com.herojoneslabs.paperwalls.cli;
				PRODUCT_NAME = "$(TARGET_NAME)";
			};
			name = Release;
		};
		GG0000000000000000000004 /* Debug */ = {
			isa = XCBuildConfiguration;
			buildSettings = {
				CURRENT_PROJECT_VERSION = 28;
				GENERATE_INFOPLIST_FILE = YES;
				LD_RUNPATH_SEARCH_PATHS = (
					"$(inherited)",
					"@executable_path/../Frameworks",
					"@loader_path/../Frameworks",
				);
				MARKETING_VERSION = 0.6.1;
				PRODUCT_BUNDLE_IDENTIFIER = com.herojoneslabs.paperwalls.tests;
				PRODUCT_NAME = "$(TARGET_NAME)";
			};
			name = Debug;
		};
		GG0000000000000000000005 /* Release */ = {
			isa = XCBuildConfiguration;
			buildSettings = {
				CURRENT_PROJECT_VERSION = 28;
				GENERATE_INFOPLIST_FILE = YES;
				LD_RUNPATH_SEARCH_PATHS = (
					"$(inherited)",
					"@executable_path/../Frameworks",
					"@loader_path/../Frameworks",
				);
				MARKETING_VERSION = 0.6.1;
				PRODUCT_BUNDLE_IDENTIFIER = com.herojoneslabs.paperwalls.tests;
				PRODUCT_NAME = "$(TARGET_NAME)";
			};
			name = Release;
		};
		HH0000000000000000000004 /* Debug */ = {
			isa = XCBuildConfiguration;
			buildSettings = {
				COMBINE_HIDPI_IMAGES = NO;
				CURRENT_PROJECT_VERSION = 28;
				ENABLE_HARDENED_RUNTIME = YES;
				GENERATE_INFOPLIST_FILE = YES;
				INFOPLIST_KEY_NSHumanReadableCopyright = "";
				INFOPLIST_KEY_NSPrincipalClass = PaperWallsSaverView;
				INSTALL_PATH = "$(HOME)/Library/Screen Savers";
				MACOSX_DEPLOYMENT_TARGET = 26.0;
				MARKETING_VERSION = 0.6.1;
				PRODUCT_BUNDLE_IDENTIFIER = com.herojoneslabs.paperwalls.saver;
				PRODUCT_MODULE_NAME = PaperWallsSaver;
				PRODUCT_NAME = PaperWalls;
				SKIP_INSTALL = YES;
				WRAPPER_EXTENSION = saver;
			};
			name = Debug;
		};
		HH0000000000000000000005 /* Release */ = {
			isa = XCBuildConfiguration;
			buildSettings = {
				COMBINE_HIDPI_IMAGES = NO;
				CURRENT_PROJECT_VERSION = 28;
				ENABLE_HARDENED_RUNTIME = YES;
				GENERATE_INFOPLIST_FILE = YES;
				INFOPLIST_KEY_NSHumanReadableCopyright = "";
				INFOPLIST_KEY_NSPrincipalClass = PaperWallsSaverView;
				INSTALL_PATH = "$(HOME)/Library/Screen Savers";
				MACOSX_DEPLOYMENT_TARGET = 26.0;
				MARKETING_VERSION = 0.6.1;
				PRODUCT_BUNDLE_IDENTIFIER = com.herojoneslabs.paperwalls.saver;
				PRODUCT_MODULE_NAME = PaperWallsSaver;
				PRODUCT_NAME = PaperWalls;
				SKIP_INSTALL = YES;
				WRAPPER_EXTENSION = saver;
			};
			name = Release;
		};
/* End XCBuildConfiguration section */

/* Begin XCConfigurationList section */
		AA0000000000000000000004 /* Build configuration list for PBXProject "PaperWalls" */ = {
			isa = XCConfigurationList;
			buildConfigurations = (
				AA0000000000000000000005 /* Debug */,
				AA0000000000000000000006 /* Release */,
			);
			defaultConfigurationIsVisible = 0;
			defaultConfigurationName = Release;
		};
		BB0000000000000000000003 /* Build configuration list for PBXNativeTarget "PaperWalls" */ = {
			isa = XCConfigurationList;
			buildConfigurations = (
				BB0000000000000000000004 /* Debug */,
				BB0000000000000000000005 /* Release */,
			);
			defaultConfigurationIsVisible = 0;
			defaultConfigurationName = Release;
		};
		CC0000000000000000000003 /* Build configuration list for PBXNativeTarget "paperwallscli" */ = {
			isa = XCConfigurationList;
			buildConfigurations = (
				CC0000000000000000000004 /* Debug */,
				CC0000000000000000000005 /* Release */,
			);
			defaultConfigurationIsVisible = 0;
			defaultConfigurationName = Release;
		};
		GG0000000000000000000003 /* Build configuration list for PBXNativeTarget "PaperWallsTests" */ = {
			isa = XCConfigurationList;
			buildConfigurations = (
				GG0000000000000000000004 /* Debug */,
				GG0000000000000000000005 /* Release */,
			);
			defaultConfigurationIsVisible = 0;
			defaultConfigurationName = Release;
		};
		HH0000000000000000000003 /* Build configuration list for PBXNativeTarget "PaperWallsSaver" */ = {
			isa = XCConfigurationList;
			buildConfigurations = (
				HH0000000000000000000004 /* Debug */,
				HH0000000000000000000005 /* Release */,
			);
			defaultConfigurationIsVisible = 0;
			defaultConfigurationName = Release;
		};
/* End XCConfigurationList section */
	};
	rootObject = AA0000000000000000000001 /* Project object */;
}
